
Microsoft Visual Studio Solution File, Format Version 12.00
# Visual Studio Version 17
VisualStudioVersion = 17.14.36429.23
MinimumVisualStudioVersion = 10.0.40219.1
Project("{2150E333-8FDC-42A3-9474-1A3956D46DE8}") = "Task0", "Task0", "{02EA681E-C7D8-13C7-8484-4AC65E1B71E8}"
EndProject
Project("{FAE04EC0-301F-11D3-BF4B-00C04F79EFBC}") = "Tyuiu.FilinovIA.Sprint0.Task0.V0", "Tyuiu.FilinovIA.Sprint0.Task0.V0\Tyuiu.FilinovIA.Sprint0.Task0.V0.csproj", "{D141C330-E71E-4C2D-8B61-604190185CD8}"
EndProject
Project("{2150E333-8FDC-42A3-9474-1A3956D46DE8}") = "Task1", "Task1", "{858CEDA4-2FEF-4E6F-81AA-D76C6C7359CF}"
EndProject
Project("{FAE04EC0-301F-11D3-BF4B-00C04F79EFBC}") = "Tyuiu.FilinovIA.Sprint0.Task1.V0", "Tyuiu.FilinovIA.Sprint0.Task1.V0\Tyuiu.FilinovIA.Sprint0.Task1.V0.csproj", "{7E12DE7E-4A92-4BC8-8B03-7D11BCD1CFC1}"
EndProject
Project("{2150E333-8FDC-42A3-9474-1A3956D46DE8}") = "Task2", "Task2", "{BEC3BEA3-1894-4699-A74A-317617CD9606}"
EndProject
Project("{FAE04EC0-301F-11D3-BF4B-00C04F79EFBC}") = "Tyuiu.FilinovIA.Sprint0.Task2.V0", "Tyuiu.FilinovIA.Sprint0.Task2.V0\Tyuiu.FilinovIA.Sprint0.Task2.V0.csproj", "{747708CC-FF7D-4BAE-82EB-AF2EC7DBB7E4}"
EndProject
Project("{FAE04EC0-301F-11D3-BF4B-00C04F79EFBC}") = "Tyuiu.FilinovIA.Sprint0.Task2.V0.Lib", "Tyuiu.FilinovIA.Sprint0.Task2.V0.Lib\Tyuiu.FilinovIA.Sprint0.Task2.V0.Lib.csproj", "{9D601C5B-6CB5-4B99-9173-4B6853A56C1B}"
EndProject
Project("{FAE04EC0-301F-11D3-BF4B-00C04F79EFBC}") = "Tyuiu.FilinovIA.Sprint0.Task2.V0.Test", "Tyuiu.FilinovIA.Sprint0.Task2.V0.Test\Tyuiu.FilinovIA.Sprint0.Task2.V0.Test.csproj", "{2CFAFCA1-C38F-4AA5-9023-F776512AE34E}"
EndProject
Project("{2150E333-8FDC-42A3-9474-1A3956D46DE8}") = "Task3", "Task3", "{77086F31-F066-4D5A-9758-E9072566FAFC}"
EndProject
Project("{FAE04EC0-301F-11D3-BF4B-00C04F79EFBC}") = "Tyuiu.FilinovIA.Sprint0.Task3.V0", "Tyuiu.FilinovIA.Sprint0.Task3.V0\Tyuiu.FilinovIA.Sprint0.Task3.V0.csproj", "{256C3A37-7558-46C1-B471-A829AA7CF9F6}"
EndProject
Project("{FAE04EC0-301F-11D3-BF4B-00C04F79EFBC}") = "Tyuiu.FilinovIA.Sprint0.Task3.V0.Lib", "Tyuiu.FilinovIA.Sprint0.Task3.V0.Lib\Tyuiu.FilinovIA.Sprint0.Task3.V0.Lib.csproj", "{DD2E05DF-BAF8-470E-B6F2-B4BB997F4C50}"
EndProject
Project("{FAE04EC0-301F-11D3-BF4B-00C04F79EFBC}") = "Tyuiu.FilinovIA.Sprint0.Task3.V0.Test", "Tyuiu.FilinovIA.Sprint0.Task3.V0.Test\Tyuiu.FilinovIA.Sprint0.Task3.V0.Test.csproj", "{B0530401-6110-4FD1-A4BF-FC281060A03B}"
EndProject
Global
	GlobalSection(SolutionConfigurationPlatforms) = preSolution
		Debug|Any CPU = Debug|Any CPU
		Release|Any CPU = Release|Any CPU
	EndGlobalSection
	GlobalSection(ProjectConfigurationPlatforms) = postSolution
		{D141C330-E71E-4C2D-8B61-604190185CD8}.Debug|Any CPU.ActiveCfg = Debug|Any CPU
		{D141C330-E71E-4C2D-8B61-604190185CD8}.Debug|Any CPU.Build.0 = Debug|Any CPU
		{D141C330-E71E-4C2D-8B61-604190185CD8}.Release|Any CPU.ActiveCfg = Release|Any CPU
		{D141C330-E71E-4C2D-8B61-604190185CD8}.Release|Any CPU.Build.0 = Release|Any CPU
		{7E12DE7E-4A92-4BC8-8B03-7D11BCD1CFC1}.Debug|Any CPU.ActiveCfg = Debug|Any CPU
		{7E12DE7E-4A92-4BC8-8B03-7D11BCD1CFC1}.Debug|Any CPU.Build.0 = Debug|Any CPU
		{7E12DE7E-4A92-4BC8-8B03-7D11BCD1CFC1}.Release|Any CPU.ActiveCfg = Release|Any CPU
		{7E12DE7E-4A92-4BC8-8B03-7D11BCD1CFC1}.Release|Any CPU.Build.0 = Release|Any CPU
		{747708CC-FF7D-4BAE-82EB-AF2EC7DBB7E4}.Debug|Any CPU.ActiveCfg = Debug|Any CPU
		{747708CC-FF7D-4BAE-82EB-AF2EC7DBB7E4}.Debug|Any CPU.Build.0 = Debug|Any CPU
		{747708CC-FF7D-4BAE-82EB-AF2EC7DBB7E4}.Release|Any CPU.ActiveCfg = Release|Any CPU
		{747708CC-FF7D-4BAE-82EB-AF2EC7DBB7E4}.Release|Any CPU.Build.0 = Release|Any CPU
		{9D601C5B-6CB5-4B99-9173-4B6853A56C1B}.Debug|Any CPU.ActiveCfg = Debug|Any CPU
		{9D601C5B-6CB5-4B99-9173-4B6853A56C1B}.Debug|Any CPU.Build.0 = Debug|Any CPU
		{9D601C5B-6CB5-4B99-9173-4B6853A56C1B}.Release|Any CPU.ActiveCfg = Release|Any CPU
		{9D601C5B-6CB5-4B99-9173-4B6853A56C1B}.Release|Any CPU.Build.0 = Release|Any CPU
		{2CFAFCA1-C38F-4AA5-9023-F776512AE34E}.Debug|Any CPU.ActiveCfg = Debug|Any CPU
		{2CFAFCA1-C38F-4AA5-9023-F776512AE34E}.Debug|Any CPU.Build.0 = Debug|Any CPU
		{2CFAFCA1-C38F-4AA5-9023-F776512AE34E}.Release|Any CPU.ActiveCfg = Release|Any CPU
		{2CFAFCA1-C38F-4AA5-9023-F776512AE34E}.Release|Any CPU.Build.0 = Release|Any CPU
		{256C3A37-7558-46C1-B471-A829AA7CF9F6}.Debug|Any CPU.ActiveCfg = Debug|Any CPU
		{256C3A37-7558-46C1-B471-A829AA7CF9F6}.Debug|Any CPU.Build.0 = Debug|Any CPU
		{256C3A37-7558-46C1-B471-A829AA7CF9F6}.Release|Any CPU.ActiveCfg = Release|Any CPU
		{256C3A37-7558-46C1-B471-A829AA7CF9F6}.Release|Any CPU.Build.0 = Release|Any CPU
		{DD2E05DF-BAF8-470E-B6F2-B4BB997F4C50}.Debug|Any CPU.ActiveCfg = Debug|Any CPU
		{DD2E05DF-BAF8-470E-B6F2-B4BB997F4C50}.Debug|Any CPU.Build.0 = Debug|Any CPU
		{DD2E05DF-BAF8-470E-B6F2-B4BB997F4C50}.Release|Any CPU.ActiveCfg = Release|Any CPU
		{DD2E05DF-BAF8-470E-B6F2-B4BB997F4C50}.Release|Any CPU.Build.0 = Release|Any CPU
		{B0530401-6110-4FD1-A4BF-FC281060A03B}.Debug|Any CPU.ActiveCfg = Debug|Any CPU
		{B0530401-6110-4FD1-A4BF-FC281060A03B}.Debug|Any CPU.Build.0 = Debug|Any CPU
		{B0530401-6110-4FD1-A4BF-FC281060A03B}.Release|Any CPU.ActiveCfg = Release|Any CPU
		{B0530401-6110-4FD1-A4BF-FC281060A03B}.Release|Any CPU.Build.0 = Release|Any CPU
	EndGlobalSection
	GlobalSection(SolutionProperties) = preSolution
		HideSolutionNode = FALSE
	EndGlobalSection
	GlobalSection(NestedProjects) = preSolution
		{D141C330-E71E-4C2D-8B61-604190185CD8} = {02EA681E-C7D8-13C7-8484-4AC65E1B71E8}
		{7E12DE7E-4A92-4BC8-8B03-7D11BCD1CFC1} = {858CEDA4-2FEF-4E6F-81AA-D76C6C7359CF}
		{747708CC-FF7D-4BAE-82EB-AF2EC7DBB7E4} = {BEC3BEA3-1894-4699-A74A-317617CD9606}
		{9D601C5B-6CB5-4B99-9173-4B6853A56C1B} = {BEC3BEA3-1894-4699-A74A-317617CD9606}
		{2CFAFCA1-C38F-4AA5-9023-F776512AE34E} = {BEC3BEA3-1894-4699-A74A-317617CD9606}
		{256C3A37-7558-46C1-B471-A829AA7CF9F6} = {77086F31-F066-4D5A-9758-E9072566FAFC}
		{DD2E05DF-BAF8-470E-B6F2-B4BB997F4C50} = {77086F31-F066-4D5A-9758-E9072566FAFC}
		{B0530401-6110-4FD1-A4BF-FC281060A03B} = {77086F31-F066-4D5A-9758-E9072566FAFC}
	EndGlobalSection
	GlobalSection(ExtensibilityGlobals) = postSolution
		SolutionGuid = {87716CFF-85FD-47E4-B0C2-6CF03E580FFF}
	EndGlobalSection
EndGlobal
